{
    "_readme": [
        "This file locks the dependencies of your project to a known state",
        "Read more about it at https://getcomposer.org/doc/01-basic-usage.md#composer-lock-the-lock-file",
        "This file is @generated automatically"
    ],
    "content-hash": "303d73585d1008083bd4baf10718268d",
    "packages": [
        {
            "name": "ffan/std-common",
            "version": "2.1.2",
            "source": {
                "type": "git",
                "url": "http://gitlab.ffan.biz/php/ffan-utils.git",
                "reference": "1d1fa9e02495b1592542f15f95e34b6a60e591b4"
            },
            "dist": {
                "type": "zip",
                "url": "http://composer.intra.ffan.com/repo/private/dists/ffan/std-common/2.1.2.0/1d1fa9e02495b1592542f15f95e34b6a60e591b4.zip",
                "reference": "1d1fa9e02495b1592542f15f95e34b6a60e591b4",
                "shasum": null,
                "mirrors": [
                    {
                        "url": "http://composer.intra.ffan.com/repo/private/dists/%package%/%version%/%reference%.%type%",
                        "preferred": true
                    }
                ]
            },
            "archive": {
                "exclude": [
                    "test",
                    ".gitignore"
                ]
            },
            "require": {
                "ext-mbstring": "*",
                "php": ">=5.5.0"
            },
            "type": "composer",
            "autoload": {
                "psr-4": {
                    "FFan\\Std\\Common\\": "src"
                }
            },
            "authors": [
                {
                    "name": "huangshunzhao",
                    "email": "huangshunzhao@wanda.cn",
                    "role": "Founder and project lead"
                }
            ],
            "description": "FFan php utils components",
            "keywords": [
                "ffan",
                "php",
                "utils"
            ],
            "time": "2017-12-13T11:25:39+00:00"
        },
        {
            "name": "ffan/std-event",
            "version": "2.0.4",
            "source": {
                "type": "git",
                "url": "http://gitlab.ffan.biz/php/ffan-event.git",
                "reference": "065373bcdb678f81947f9b86bddd8bde9ebe2c1c"
            },
            "dist": {
                "type": "zip",
                "url": "http://composer.intra.ffan.com/repo/private/dists/ffan/std-event/2.0.4.0/065373bcdb678f81947f9b86bddd8bde9ebe2c1c.zip",
                "reference": "065373bcdb678f81947f9b86bddd8bde9ebe2c1c",
                "shasum": null,
                "mirrors": [
                    {
                        "url": "http://composer.intra.ffan.com/repo/private/dists/%package%/%version%/%reference%.%type%",
                        "preferred": true
                    }
                ]
            },
            "archive": {
                "exclude": [
                    "test",
                    ".gitignore"
                ]
            },
            "require": {
                "php": ">=5.5.0"
            },
            "type": "composer",
            "autoload": {
                "psr-4": {
                    "FFan\\Std\\Event\\": "src"
                }
            },
            "authors": [
                {
                    "name": "huangshunzhao",
                    "email": "huangshunzhao@wanda.cn",
                    "role": "Founder"
                }
            ],
            "description": "FFan std event",
            "keywords": [
                "event",
                "ffan",
                "std"
            ],
            "time": "2017-12-13T09:41:48+00:00"
        },
        {
            "name": "ffan/std-logger",
            "version": "1.1.0",
            "source": {
                "type": "git",
                "url": "http://gitlab.ffan.biz/php/logger.git",
                "reference": "cf80bf01ddb188c4631e64f58c8d2f6bcfc896e1"
            },
            "dist": {
                "type": "zip",
                "url": "http://composer.intra.ffan.com/repo/private/dists/ffan/std-logger/1.1.0.0/cf80bf01ddb188c4631e64f58c8d2f6bcfc896e1.zip",
                "reference": "cf80bf01ddb188c4631e64f58c8d2f6bcfc896e1",
                "shasum": null,
                "mirrors": [
                    {
                        "url": "http://composer.intra.ffan.com/repo/private/dists/%package%/%version%/%reference%.%type%",
                        "preferred": true
                    }
                ]
            },
            "archive": {
                "exclude": [
                    "test",
                    ".gitignore"
                ]
            },
            "require": {
                "ffan/std-common": "2.*",
                "ffan/std-event": "2.*",
                "php": ">=5.5.0"
            },
            "type": "composer",
            "autoload": {
                "psr-4": {
                    "FFan\\Std\\Logger\\": "src"
                }
            },
            "authors": [
                {
                    "name": "huangshunzhao",
                    "email": "huangshunzhao@wanda.cn",
                    "role": "Founder"
                }
            ],
            "description": "FFan STD Logger",
            "keywords": [
                "ffan",
                "logger"
            ],
            "time": "2017-12-13T08:53:33+00:00"
        }
    ],
    "packages-dev": [],
    "aliases": [],
    "minimum-stability": "stable",
    "stability-flags": [],
    "prefer-stable": false,
    "prefer-lowest": false,
    "platform": {
        "php": ">=5.5.0"
    },
    "platform-dev": []
}
